
Microsoft Visual Studio Solution File, Format Version 12.00
# Visual Studio Version 16
VisualStudioVersion = 16.0.29613.14
MinimumVisualStudioVersion = 10.0.40219.1
Project("{9A19103F-16F7-4668-BE54-9A1E7A4F7556}") = "BlazorCRUD.Server", "Server\BlazorCRUD.Server.csproj", "{2417D482-F4A3-44DD-B555-9734524F20E6}"
EndProject
Project("{9A19103F-16F7-4668-BE54-9A1E7A4F7556}") = "BlazorCRUD.Client", "Client\BlazorCRUD.Client.csproj", "{4D68CBFA-C279-4923-9B2E-C406FC2894D5}"
EndProject
Project("{9A19103F-16F7-4668-BE54-9A1E7A4F7556}") = "BlazorCRUD.Shared", "Shared\BlazorCRUD.Shared.csproj", "{1B681151-9878-4E41-9958-F00BDF8A47D3}"
EndProject
Global
	GlobalSection(SolutionConfigurationPlatforms) = preSolution
		Debug|Any CPU = Debug|Any CPU
		Release|Any CPU = Release|Any CPU
	EndGlobalSection
	GlobalSection(ProjectConfigurationPlatforms) = postSolution
		{2417D482-F4A3-44DD-B555-9734524F20E6}.Debug|Any CPU.ActiveCfg = Debug|Any CPU
		{2417D482-F4A3-44DD-B555-9734524F20E6}.Debug|Any CPU.Build.0 = Debug|Any CPU
		{2417D482-F4A3-44DD-B555-9734524F20E6}.Release|Any CPU.ActiveCfg = Release|Any CPU
		{2417D482-F4A3-44DD-B555-9734524F20E6}.Release|Any CPU.Build.0 = Release|Any CPU
		{4D68CBFA-C279-4923-9B2E-C406FC2894D5}.Debug|Any CPU.ActiveCfg = Debug|Any CPU
		{4D68CBFA-C279-4923-9B2E-C406FC2894D5}.Debug|Any CPU.Build.0 = Debug|Any CPU
		{4D68CBFA-C279-4923-9B2E-C406FC2894D5}.Release|Any CPU.ActiveCfg = Release|Any CPU
		{4D68CBFA-C279-4923-9B2E-C406FC2894D5}.Release|Any CPU.Build.0 = Release|Any CPU
		{1B681151-9878-4E41-9958-F00BDF8A47D3}.Debug|Any CPU.ActiveCfg = Debug|Any CPU
		{1B681151-9878-4E41-9958-F00BDF8A47D3}.Debug|Any CPU.Build.0 = Debug|Any CPU
		{1B681151-9878-4E41-9958-F00BDF8A47D3}.Release|Any CPU.ActiveCfg = Release|Any CPU
		{1B681151-9878-4E41-9958-F00BDF8A47D3}.Release|Any CPU.Build.0 = Release|Any CPU
	EndGlobalSection
	GlobalSection(SolutionProperties) = preSolution
		HideSolutionNode = FALSE
	EndGlobalSection
	GlobalSection(ExtensibilityGlobals) = postSolution
		SolutionGuid = {3C408EC3-CBE3-4B71-BA73-4C48ECF9C280}
	EndGlobalSection
EndGlobal
